
Microsoft Visual Studio Solution File, Format Version 12.00
# Visual Studio Version 16
VisualStudioVersion = 16.0.31424.327
MinimumVisualStudioVersion = 10.0.40219.1
Project("{8BC9CEB8-8B4A-11D0-8D11-00A0C91BC942}") = "Flappy Bird", "Flappy Bird\Flappy Bird.vcxproj", "{957B18C7-FDEB-4540-9471-2648854E1A84}"
EndProject
Global
	GlobalSection(SolutionConfigurationPlatforms) = preSolution
		Debug|x64 = Debug|x64
		Debug|x86 = Debug|x86
		Release|x64 = Release|x64
		Release|x86 = Release|x86
	EndGlobalSection
	GlobalSection(ProjectConfigurationPlatforms) = postSolution
		{957B18C7-FDEB-4540-9471-2648854E1A84}.Debug|x64.ActiveCfg = Debug|x64
		{957B18C7-FDEB-4540-9471-2648854E1A84}.Debug|x64.Build.0 = Debug|x64
		{957B18C7-FDEB-4540-9471-2648854E1A84}.Debug|x86.ActiveCfg = Debug|Win32
		{957B18C7-FDEB-4540-9471-2648854E1A84}.Debug|x86.Build.0 = Debug|Win32
		{957B18C7-FDEB-4540-9471-2648854E1A84}.Release|x64.ActiveCfg = Release|x64
		{957B18C7-FDEB-4540-9471-2648854E1A84}.Release|x64.Build.0 = Release|x64
		{957B18C7-FDEB-4540-9471-2648854E1A84}.Release|x86.ActiveCfg = Release|Win32
		{957B18C7-FDEB-4540-9471-2648854E1A84}.Release|x86.Build.0 = Release|Win32
	EndGlobalSection
	GlobalSection(SolutionProperties) = preSolution
		HideSolutionNode = FALSE
	EndGlobalSection
	GlobalSection(ExtensibilityGlobals) = postSolution
		SolutionGuid = {BF7613BB-985B-4A91-9E9B-8CFBE4C40DFD}
	EndGlobalSection
EndGlobal
